
Microsoft Visual Studio Solution File, Format Version 12.00
Project("{FAE04EC0-301F-11D3-BF4B-00C04F79EFBC}") = "BankAccountApi", "BankAccountApi\BankAccountApi.csproj", "{A3206C23-67CD-48FE-9BDE-4DB5AE867F08}"
EndProject
Project("{2150E333-8FDC-42A3-9474-1A3956D46DE8}") = "src", "src", "{7D152CBE-E7A3-4952-A470-8799F40A745D}"
EndProject
Project("{2150E333-8FDC-42A3-9474-1A3956D46DE8}") = "tests", "tests", "{7F0BB133-0151-426E-AEF0-EF5A93C27DDB}"
EndProject
Project("{FAE04EC0-301F-11D3-BF4B-00C04F79EFBC}") = "BankAccountApiTests", "BankAccountApiTests\BankAccountApiTests.csproj", "{C2F681CF-9EFE-4D28-A6CF-B7FE6E21A4B8}"
EndProject
Project("{2150E333-8FDC-42A3-9474-1A3956D46DE8}") = "Transactions", "Transactions", "{4E3FCC48-B6B3-4C53-8D2F-B260D502193C}"
EndProject
Project("{2150E333-8FDC-42A3-9474-1A3956D46DE8}") = "Accounts", "Accounts", "{1C2D4E20-90E0-4A10-BA7D-34DA690A376E}"
EndProject
Project("{FAE04EC0-301F-11D3-BF4B-00C04F79EFBC}") = "BankAccountApi.Accounts.Core", "BankAccountApi.Accounts.Core\BankAccountApi.Accounts.Core.csproj", "{7D4FE2E9-701C-4760-B33F-F90ED6D95058}"
EndProject
Project("{FAE04EC0-301F-11D3-BF4B-00C04F79EFBC}") = "BankAccount.Accounts.Api", "BankAccount.Accounts.Api\BankAccount.Accounts.Api.csproj", "{2BBEA7ED-9C8E-4D19-A587-A8AAF86EF56E}"
EndProject
Project("{2150E333-8FDC-42A3-9474-1A3956D46DE8}") = "shared", "shared", "{BF0929A4-907C-414B-AA8B-757D6B6249A6}"
EndProject
Project("{FAE04EC0-301F-11D3-BF4B-00C04F79EFBC}") = "BankAccount.Shared.Application", "BankAccount.Shared.Application\BankAccount.Shared.Application.csproj", "{8F61CE30-566E-4506-828F-E3459AE578D9}"
EndProject
Project("{FAE04EC0-301F-11D3-BF4B-00C04F79EFBC}") = "BankAccount.Transaction.Core", "BankAccount.Transaction.Core\BankAccount.Transaction.Core.csproj", "{DE9946EA-D3B1-40BD-A34E-8A8884657C0E}"
EndProject
Project("{FAE04EC0-301F-11D3-BF4B-00C04F79EFBC}") = "BankAccountTransaction.Api", "BankAccountTransaction.Api\BankAccountTransaction.Api.csproj", "{2B4624B1-18F3-4EF9-B193-26DAC917B8DE}"
EndProject
Global
	GlobalSection(SolutionConfigurationPlatforms) = preSolution
		Debug|Any CPU = Debug|Any CPU
		Release|Any CPU = Release|Any CPU
	EndGlobalSection
	GlobalSection(ProjectConfigurationPlatforms) = postSolution
		{A3206C23-67CD-48FE-9BDE-4DB5AE867F08}.Debug|Any CPU.ActiveCfg = Debug|Any CPU
		{A3206C23-67CD-48FE-9BDE-4DB5AE867F08}.Debug|Any CPU.Build.0 = Debug|Any CPU
		{A3206C23-67CD-48FE-9BDE-4DB5AE867F08}.Release|Any CPU.ActiveCfg = Release|Any CPU
		{A3206C23-67CD-48FE-9BDE-4DB5AE867F08}.Release|Any CPU.Build.0 = Release|Any CPU
		{C2F681CF-9EFE-4D28-A6CF-B7FE6E21A4B8}.Debug|Any CPU.ActiveCfg = Debug|Any CPU
		{C2F681CF-9EFE-4D28-A6CF-B7FE6E21A4B8}.Debug|Any CPU.Build.0 = Debug|Any CPU
		{C2F681CF-9EFE-4D28-A6CF-B7FE6E21A4B8}.Release|Any CPU.ActiveCfg = Release|Any CPU
		{C2F681CF-9EFE-4D28-A6CF-B7FE6E21A4B8}.Release|Any CPU.Build.0 = Release|Any CPU
		{7D4FE2E9-701C-4760-B33F-F90ED6D95058}.Debug|Any CPU.ActiveCfg = Debug|Any CPU
		{7D4FE2E9-701C-4760-B33F-F90ED6D95058}.Debug|Any CPU.Build.0 = Debug|Any CPU
		{7D4FE2E9-701C-4760-B33F-F90ED6D95058}.Release|Any CPU.ActiveCfg = Release|Any CPU
		{7D4FE2E9-701C-4760-B33F-F90ED6D95058}.Release|Any CPU.Build.0 = Release|Any CPU
		{2BBEA7ED-9C8E-4D19-A587-A8AAF86EF56E}.Debug|Any CPU.ActiveCfg = Debug|Any CPU
		{2BBEA7ED-9C8E-4D19-A587-A8AAF86EF56E}.Debug|Any CPU.Build.0 = Debug|Any CPU
		{2BBEA7ED-9C8E-4D19-A587-A8AAF86EF56E}.Release|Any CPU.ActiveCfg = Release|Any CPU
		{2BBEA7ED-9C8E-4D19-A587-A8AAF86EF56E}.Release|Any CPU.Build.0 = Release|Any CPU
		{8F61CE30-566E-4506-828F-E3459AE578D9}.Debug|Any CPU.ActiveCfg = Debug|Any CPU
		{8F61CE30-566E-4506-828F-E3459AE578D9}.Debug|Any CPU.Build.0 = Debug|Any CPU
		{8F61CE30-566E-4506-828F-E3459AE578D9}.Release|Any CPU.ActiveCfg = Release|Any CPU
		{8F61CE30-566E-4506-828F-E3459AE578D9}.Release|Any CPU.Build.0 = Release|Any CPU
		{DE9946EA-D3B1-40BD-A34E-8A8884657C0E}.Debug|Any CPU.ActiveCfg = Debug|Any CPU
		{DE9946EA-D3B1-40BD-A34E-8A8884657C0E}.Debug|Any CPU.Build.0 = Debug|Any CPU
		{DE9946EA-D3B1-40BD-A34E-8A8884657C0E}.Release|Any CPU.ActiveCfg = Release|Any CPU
		{DE9946EA-D3B1-40BD-A34E-8A8884657C0E}.Release|Any CPU.Build.0 = Release|Any CPU
		{2B4624B1-18F3-4EF9-B193-26DAC917B8DE}.Debug|Any CPU.ActiveCfg = Debug|Any CPU
		{2B4624B1-18F3-4EF9-B193-26DAC917B8DE}.Debug|Any CPU.Build.0 = Debug|Any CPU
		{2B4624B1-18F3-4EF9-B193-26DAC917B8DE}.Release|Any CPU.ActiveCfg = Release|Any CPU
		{2B4624B1-18F3-4EF9-B193-26DAC917B8DE}.Release|Any CPU.Build.0 = Release|Any CPU
	EndGlobalSection
	GlobalSection(NestedProjects) = preSolution
		{A3206C23-67CD-48FE-9BDE-4DB5AE867F08} = {7D152CBE-E7A3-4952-A470-8799F40A745D}
		{C2F681CF-9EFE-4D28-A6CF-B7FE6E21A4B8} = {7F0BB133-0151-426E-AEF0-EF5A93C27DDB}
		{4E3FCC48-B6B3-4C53-8D2F-B260D502193C} = {7D152CBE-E7A3-4952-A470-8799F40A745D}
		{1C2D4E20-90E0-4A10-BA7D-34DA690A376E} = {7D152CBE-E7A3-4952-A470-8799F40A745D}
		{7D4FE2E9-701C-4760-B33F-F90ED6D95058} = {1C2D4E20-90E0-4A10-BA7D-34DA690A376E}
		{2BBEA7ED-9C8E-4D19-A587-A8AAF86EF56E} = {1C2D4E20-90E0-4A10-BA7D-34DA690A376E}
		{8F61CE30-566E-4506-828F-E3459AE578D9} = {BF0929A4-907C-414B-AA8B-757D6B6249A6}
		{DE9946EA-D3B1-40BD-A34E-8A8884657C0E} = {4E3FCC48-B6B3-4C53-8D2F-B260D502193C}
		{2B4624B1-18F3-4EF9-B193-26DAC917B8DE} = {4E3FCC48-B6B3-4C53-8D2F-B260D502193C}
	EndGlobalSection
EndGlobal
